// !$*UTF8*$!
{
	archiveVersion = 1;
	classes = {
	};
	objectVersion = 77;
	objects = {

/* Begin PBXBuildFile section */
		837A0AD82F0C4CD200E6393C /* WidgetKit.framework in Frameworks */ = {isa = PBXBuildFile; fileRef = 837A0AD72F0C4CD200E6393C /* WidgetKit.framework */; };
		837A0ADA2F0C4CD200E6393C /* SwiftUI.framework in Frameworks */ = {isa = PBXBuildFile; fileRef = 837A0AD92F0C4CD200E6393C /* SwiftUI.framework */; };
		837A0AE72F0C4CD300E6393C /* SmolcamWidgetExtension.appex in Embed Foundation Extensions */ = {isa = PBXBuildFile; fileRef = 837A0AD52F0C4CD200E6393C /* SmolcamWidgetExtension.appex */; settings = {ATTRIBUTES = (RemoveHeadersOnCopy, ); }; };
/* End PBXBuildFile section */

/* Begin PBXContainerItemProxy section */
		831A38232F031690006D7ED2 /* PBXContainerItemProxy */ = {
			isa = PBXContainerItemProxy;
			containerPortal = 831A38092F03168E006D7ED2 /* Project object */;
			proxyType = 1;
			remoteGlobalIDString = 831A38102F03168E006D7ED2;
			remoteInfo = Smolcam;
		};
		831A382D2F031690006D7ED2 /* PBXContainerItemProxy */ = {
			isa = PBXContainerItemProxy;
			containerPortal = 831A38092F03168E006D7ED2 /* Project object */;
			proxyType = 1;
			remoteGlobalIDString = 831A38102F03168E006D7ED2;
			remoteInfo = Smolcam;
		};
		837A0AE52F0C4CD300E6393C /* PBXContainerItemProxy */ = {
			isa = PBXContainerItemProxy;
			containerPortal = 831A38092F03168E006D7ED2 /* Project object */;
			proxyType = 1;
			remoteGlobalIDString = 837A0AD42F0C4CD200E6393C;
			remoteInfo = SmolcamWidgetExtension;
		};
/* End PBXContainerItemProxy section */

/* Begin PBXCopyFilesBuildPhase section */
		837A0AE82F0C4CD300E6393C /* Embed Foundation Extensions */ = {
			isa = PBXCopyFilesBuildPhase;
			buildActionMask = 2147483647;
			dstPath = "";
			dstSubfolderSpec = 13;
			files = (
				837A0AE72F0C4CD300E6393C /* SmolcamWidgetExtension.appex in Embed Foundation Extensions */,
			);
			name = "Embed Foundation Extensions";
			runOnlyForDeploymentPostprocessing = 0;
		};
/* End PBXCopyFilesBuildPhase section */

/* Begin PBXFileReference section */
		831A38112F03168E006D7ED2 /* Smolcam.app */ = {isa = PBXFileReference; explicitFileType = wrapper.application; includeInIndex = 0; path = Smolcam.app; sourceTree = BUILT_PRODUCTS_DIR; };
		831A38222F031690006D7ED2 /* SmolcamTests.xctest */ = {isa = PBXFileReference; explicitFileType = wrapper.cfbundle; includeInIndex = 0; path = SmolcamTests.xctest; sourceTree = BUILT_PRODUCTS_DIR; };
		831A382C2F031690006D7ED2 /* SmolcamUITests.xctest */ = {isa = PBXFileReference; explicitFileType = wrapper.cfbundle; includeInIndex = 0; path = SmolcamUITests.xctest; sourceTree = BUILT_PRODUCTS_DIR; };
		837A0AD52F0C4CD200E6393C /* SmolcamWidgetExtension.appex */ = {isa = PBXFileReference; explicitFileType = "wrapper.app-extension"; includeInIndex = 0; path = SmolcamWidgetExtension.appex; sourceTree = BUILT_PRODUCTS_DIR; };
		837A0AD72F0C4CD200E6393C /* WidgetKit.framework */ = {isa = PBXFileReference; lastKnownFileType = wrapper.framework; name = WidgetKit.framework; path = System/Library/Frameworks/WidgetKit.framework; sourceTree = SDKROOT; };
		837A0AD92F0C4CD200E6393C /* SwiftUI.framework */ = {isa = PBXFileReference; lastKnownFileType = wrapper.framework; name = SwiftUI.framework; path = System/Library/Frameworks/SwiftUI.framework; sourceTree = SDKROOT; };
/* End PBXFileReference section */

/* Begin PBXFileSystemSynchronizedBuildFileExceptionSet section */
		831A38342F031690006D7ED2 /* Exceptions for "Smolcam" folder in "Smolcam" target */ = {
			isa = PBXFileSystemSynchronizedBuildFileExceptionSet;
			membershipExceptions = (
				Info.plist,
			);
			target = 831A38102F03168E006D7ED2 /* Smolcam */;
		};
		837A0AEC2F0C4CD300E6393C /* Exceptions for "SmolcamWidget" folder in "SmolcamWidgetExtension" target */ = {
			isa = PBXFileSystemSynchronizedBuildFileExceptionSet;
			membershipExceptions = (
				Info.plist,
			);
			target = 837A0AD42F0C4CD200E6393C /* SmolcamWidgetExtension */;
		};
		837A0AF02F0C557600E6393C /* Exceptions for "Smolcam" folder in "SmolcamWidgetExtension" target */ = {
			isa = PBXFileSystemSynchronizedBuildFileExceptionSet;
			membershipExceptions = (
				LaunchSmolcamIntent.swift,
			);
			target = 837A0AD42F0C4CD200E6393C /* SmolcamWidgetExtension */;
		};
/* End PBXFileSystemSynchronizedBuildFileExceptionSet section */

/* Begin PBXFileSystemSynchronizedRootGroup section */
		831A38132F03168E006D7ED2 /* Smolcam */ = {
			isa = PBXFileSystemSynchronizedRootGroup;
			exceptions = (
				831A38342F031690006D7ED2 /* Exceptions for "Smolcam" folder in "Smolcam" target */,
				837A0AF02F0C557600E6393C /* Exceptions for "Smolcam" folder in "SmolcamWidgetExtension" target */,
			);
			path = Smolcam;
			sourceTree = "<group>";
		};
		831A38252F031690006D7ED2 /* SmolcamTests */ = {
			isa = PBXFileSystemSynchronizedRootGroup;
			path = SmolcamTests;
			sourceTree = "<group>";
		};
		831A382F2F031690006D7ED2 /* SmolcamUITests */ = {
			isa = PBXFileSystemSynchronizedRootGroup;
			path = SmolcamUITests;
			sourceTree = "<group>";
		};
		837A0ADB2F0C4CD200E6393C /* SmolcamWidget */ = {
			isa = PBXFileSystemSynchronizedRootGroup;
			exceptions = (
				837A0AEC2F0C4CD300E6393C /* Exceptions for "SmolcamWidget" folder in "SmolcamWidgetExtension" target */,
			);
			path = SmolcamWidget;
			sourceTree = "<group>";
		};
/* End PBXFileSystemSynchronizedRootGroup section */

/* Begin PBXFrameworksBuildPhase section */
		831A380E2F03168E006D7ED2 /* Frameworks */ = {
			isa = PBXFrameworksBuildPhase;
			buildActionMask = 2147483647;
			files = (
			);
			runOnlyForDeploymentPostprocessing = 0;
		};
		831A381F2F031690006D7ED2 /* Frameworks */ = {
			isa = PBXFrameworksBuildPhase;
			buildActionMask = 2147483647;
			files = (
			);
			runOnlyForDeploymentPostprocessing = 0;
		};
		831A38292F031690006D7ED2 /* Frameworks */ = {
			isa = PBXFrameworksBuildPhase;
			buildActionMask = 2147483647;
			files = (
			);
			runOnlyForDeploymentPostprocessing = 0;
		};
		837A0AD22F0C4CD200E6393C /* Frameworks */ = {
			isa = PBXFrameworksBuildPhase;
			buildActionMask = 2147483647;
			files = (
				837A0ADA2F0C4CD200E6393C /* SwiftUI.framework in Frameworks */,
				837A0AD82F0C4CD200E6393C /* WidgetKit.framework in Frameworks */,
			);
			runOnlyForDeploymentPostprocessing = 0;
		};
/* End PBXFrameworksBuildPhase section */

/* Begin PBXGroup section */
		831A38082F03168E006D7ED2 = {
			isa = PBXGroup;
			children = (
				831A38132F03168E006D7ED2 /* Smolcam */,
				831A38252F031690006D7ED2 /* SmolcamTests */,
				831A382F2F031690006D7ED2 /* SmolcamUITests */,
				837A0ADB2F0C4CD200E6393C /* SmolcamWidget */,
				837A0AD62F0C4CD200E6393C /* Frameworks */,
				831A38122F03168E006D7ED2 /* Products */,
			);
			sourceTree = "<group>";
		};
		831A38122F03168E006D7ED2 /* Products */ = {
			isa = PBXGroup;
			children = (
				831A38112F03168E006D7ED2 /* Smolcam.app */,
				831A38222F031690006D7ED2 /* SmolcamTests.xctest */,
				831A382C2F031690006D7ED2 /* SmolcamUITests.xctest */,
				837A0AD52F0C4CD200E6393C /* SmolcamWidgetExtension.appex */,
			);
			name = Products;
			sourceTree = "<group>";
		};
		837A0AD62F0C4CD200E6393C /* Frameworks */ = {
			isa = PBXGroup;
			children = (
				837A0AD72F0C4CD200E6393C /* WidgetKit.framework */,
				837A0AD92F0C4CD200E6393C /* SwiftUI.framework */,
			);
			name = Frameworks;
			sourceTree = "<group>";
		};
/* End PBXGroup section */

/* Begin PBXNativeTarget section */
		831A38102F03168E006D7ED2 /* Smolcam */ = {
			isa = PBXNativeTarget;
			buildConfigurationList = 831A38352F031690006D7ED2 /* Build configuration list for PBXNativeTarget "Smolcam" */;
			buildPhases = (
				831A380D2F03168E006D7ED2 /* Sources */,
				831A380E2F03168E006D7ED2 /* Frameworks */,
				831A380F2F03168E006D7ED2 /* Resources */,
				837A0AE82F0C4CD300E6393C /* Embed Foundation Extensions */,
			);
			buildRules = (
			);
			dependencies = (
				837A0AE62F0C4CD300E6393C /* PBXTargetDependency */,
			);
			fileSystemSynchronizedGroups = (
				831A38132F03168E006D7ED2 /* Smolcam */,
			);
			name = Smolcam;
			packageProductDependencies = (
			);
			productName = Smolcam;
			productReference = 831A38112F03168E006D7ED2 /* Smolcam.app */;
			productType = "com.apple.product-type.application";
		};
		831A38212F031690006D7ED2 /* SmolcamTests */ = {
			isa = PBXNativeTarget;
			buildConfigurationList = 831A383A2F031690006D7ED2 /* Build configuration list for PBXNativeTarget "SmolcamTests" */;
			buildPhases = (
				831A381E2F031690006D7ED2 /* Sources */,
				831A381F2F031690006D7ED2 /* Frameworks */,
				831A38202F031690006D7ED2 /* Resources */,
			);
			buildRules = (
			);
			dependencies = (
				831A38242F031690006D7ED2 /* PBXTargetDependency */,
			);
			fileSystemSynchronizedGroups = (
				831A38252F031690006D7ED2 /* SmolcamTests */,
			);
			name = SmolcamTests;
			packageProductDependencies = (
			);
			productName = SmolcamTests;
			productReference = 831A38222F031690006D7ED2 /* SmolcamTests.xctest */;
			productType = "com.apple.product-type.bundle.unit-test";
		};
		831A382B2F031690006D7ED2 /* SmolcamUITests */ = {
			isa = PBXNativeTarget;
			buildConfigurationList = 831A383D2F031690006D7ED2 /* Build configuration list for PBXNativeTarget "SmolcamUITests" */;
			buildPhases = (
				831A38282F031690006D7ED2 /* Sources */,
				831A38292F031690006D7ED2 /* Frameworks */,
				831A382A2F031690006D7ED2 /* Resources */,
			);
			buildRules = (
			);
			dependencies = (
				831A382E2F031690006D7ED2 /* PBXTargetDependency */,
			);
			fileSystemSynchronizedGroups = (
				831A382F2F031690006D7ED2 /* SmolcamUITests */,
			);
			name = SmolcamUITests;
			packageProductDependencies = (
			);
			productName = SmolcamUITests;
			productReference = 831A382C2F031690006D7ED2 /* SmolcamUITests.xctest */;
			productType = "com.apple.product-type.bundle.ui-testing";
		};
		837A0AD42F0C4CD200E6393C /* SmolcamWidgetExtension */ = {
			isa = PBXNativeTarget;
			buildConfigurationList = 837A0AEB2F0C4CD300E6393C /* Build configuration list for PBXNativeTarget "SmolcamWidgetExtension" */;
			buildPhases = (
				837A0AD12F0C4CD200E6393C /* Sources */,
				837A0AD22F0C4CD200E6393C /* Frameworks */,
				837A0AD32F0C4CD200E6393C /* Resources */,
			);
			buildRules = (
			);
			dependencies = (
			);
			fileSystemSynchronizedGroups = (
				837A0ADB2F0C4CD200E6393C /* SmolcamWidget */,
			);
			name = SmolcamWidgetExtension;
			packageProductDependencies = (
			);
			productName = SmolcamWidgetExtension;
			productReference = 837A0AD52F0C4CD200E6393C /* SmolcamWidgetExtension.appex */;
			productType = "com.apple.product-type.app-extension";
		};
/* End PBXNativeTarget section */

/* Begin PBXProject section */
		831A38092F03168E006D7ED2 /* Project object */ = {
			isa = PBXProject;
			attributes = {
				BuildIndependentTargetsInParallel = 1;
				LastSwiftUpdateCheck = 2620;
				LastUpgradeCheck = 2620;
				TargetAttributes = {
					831A38102F03168E006D7ED2 = {
						CreatedOnToolsVersion = 26.2;
					};
					831A38212F031690006D7ED2 = {
						CreatedOnToolsVersion = 26.2;
						TestTargetID = 831A38102F03168E006D7ED2;
					};
					831A382B2F031690006D7ED2 = {
						CreatedOnToolsVersion = 26.2;
						TestTargetID = 831A38102F03168E006D7ED2;
					};
					837A0AD42F0C4CD200E6393C = {
						CreatedOnToolsVersion = 26.2;
					};
				};
			};
			buildConfigurationList = 831A380C2F03168E006D7ED2 /* Build configuration list for PBXProject "Smolcam" */;
			developmentRegion = en;
			hasScannedForEncodings = 0;
			knownRegions = (
				en,
				Base,
			);
			mainGroup = 831A38082F03168E006D7ED2;
			minimizedProjectReferenceProxies = 1;
			preferredProjectObjectVersion = 77;
			productRefGroup = 831A38122F03168E006D7ED2 /* Products */;
			projectDirPath = "";
			projectRoot = "";
			targets = (
				831A38102F03168E006D7ED2 /* Smolcam */,
				831A38212F031690006D7ED2 /* SmolcamTests */,
				831A382B2F031690006D7ED2 /* SmolcamUITests */,
				837A0AD42F0C4CD200E6393C /* SmolcamWidgetExtension */,
			);
		};
/* End PBXProject section */

/* Begin PBXResourcesBuildPhase section */
		831A380F2F03168E006D7ED2 /* Resources */ = {
			isa = PBXResourcesBuildPhase;
			buildActionMask = 2147483647;
			files = (
			);
			runOnlyForDeploymentPostprocessing = 0;
		};
		831A38202F031690006D7ED2 /* Resources */ = {
			isa = PBXResourcesBuildPhase;
			buildActionMask = 2147483647;
			files = (
			);
			runOnlyForDeploymentPostprocessing = 0;
		};
		831A382A2F031690006D7ED2 /* Resources */ = {
			isa = PBXResourcesBuildPhase;
			buildActionMask = 2147483647;
			files = (
			);
			runOnlyForDeploymentPostprocessing = 0;
		};
		837A0AD32F0C4CD200E6393C /* Resources */ = {
			isa = PBXResourcesBuildPhase;
			buildActionMask = 2147483647;
			files = (
			);
			runOnlyForDeploymentPostprocessing = 0;
		};
/* End PBXResourcesBuildPhase section */

/* Begin PBXSourcesBuildPhase section */
		831A380D2F03168E006D7ED2 /* Sources */ = {
			isa = PBXSourcesBuildPhase;
			buildActionMask = 2147483647;
			files = (
			);
			runOnlyForDeploymentPostprocessing = 0;
		};
		831A381E2F031690006D7ED2 /* Sources */ = {
			isa = PBXSourcesBuildPhase;
			buildActionMask = 2147483647;
			files = (
			);
			runOnlyForDeploymentPostprocessing = 0;
		};
		831A38282F031690006D7ED2 /* Sources */ = {
			isa = PBXSourcesBuildPhase;
			buildActionMask = 2147483647;
			files = (
			);
			runOnlyForDeploymentPostprocessing = 0;
		};
		837A0AD12F0C4CD200E6393C /* Sources */ = {
			isa = PBXSourcesBuildPhase;
			buildActionMask = 2147483647;
			files = (
			);
			runOnlyForDeploymentPostprocessing = 0;
		};
/* End PBXSourcesBuildPhase section */

/* Begin PBXTargetDependency section */
		831A38242F031690006D7ED2 /* PBXTargetDependency */ = {
			isa = PBXTargetDependency;
			target = 831A38102F03168E006D7ED2 /* Smolcam */;
			targetProxy = 831A38232F031690006D7ED2 /* PBXContainerItemProxy */;
		};
		831A382E2F031690006D7ED2 /* PBXTargetDependency */ = {
			isa = PBXTargetDependency;
			target = 831A38102F03168E006D7ED2 /* Smolcam */;
			targetProxy = 831A382D2F031690006D7ED2 /* PBXContainerItemProxy */;
		};
		837A0AE62F0C4CD300E6393C /* PBXTargetDependency */ = {
			isa = PBXTargetDependency;
			target = 837A0AD42F0C4CD200E6393C /* SmolcamWidgetExtension */;
			targetProxy = 837A0AE52F0C4CD300E6393C /* PBXContainerItemProxy */;
		};
/* End PBXTargetDependency section */

/* Begin XCBuildConfiguration section */
		831A38362F031690006D7ED2 /* Debug */ = {
			isa = XCBuildConfiguration;
			buildSettings = {
				ASSETCATALOG_COMPILER_APPICON_NAME = AppIcon;
				ASSETCATALOG_COMPILER_GLOBAL_ACCENT_COLOR_NAME = AccentColor;
				CODE_SIGN_ENTITLEMENTS = Smolcam/Smolcam.entitlements;
				CODE_SIGN_STYLE = Automatic;
				CURRENT_PROJECT_VERSION = 1;
				DEVELOPMENT_TEAM = 3XH8DM68EA;
				ENABLE_PREVIEWS = YES;
				GENERATE_INFOPLIST_FILE = YES;
				INFOPLIST_FILE = Smolcam/Info.plist;
				INFOPLIST_KEY_NSCameraUsageDescription = "Smolcam needs camera access to take photos.";
				INFOPLIST_KEY_NSPhotoLibraryAddUsageDescription = "Smolcam needs photo library access to save photos.";
				INFOPLIST_KEY_UIApplicationSceneManifest_Generation = YES;
				INFOPLIST_KEY_UIApplicationSupportsIndirectInputEvents = YES;
				INFOPLIST_KEY_UIStatusBarHidden = YES;
				INFOPLIST_KEY_UISupportedInterfaceOrientations = UIInterfaceOrientationPortrait;
				INFOPLIST_KEY_UISupportedInterfaceOrientations_iPad = "UIInterfaceOrientationLandscapeLeft UIInterfaceOrientationLandscapeRight UIInterfaceOrientationPortrait UIInterfaceOrientationPortraitUpsideDown";
				LD_RUNPATH_SEARCH_PATHS = (
					"$(inherited)",
					"@executable_path/Frameworks",
				);
				MARKETING_VERSION = 1.0;
				PRODUCT_BUNDLE_IDENTIFIER = com.jasper.Smolcam;
				PRODUCT_NAME = "$(TARGET_NAME)";
				STRING_CATALOG_GENERATE_SYMBOLS = YES;
				SWIFT_APPROACHABLE_CONCURRENCY = YES;
				SWIFT_DEFAULT_ACTOR_ISOLATION = MainActor;
				SWIFT_EMIT_LOC_STRINGS = YES;
				SWIFT_UPCOMING_FEATURE_MEMBER_IMPORT_VISIBILITY = YES;
				SWIFT_VERSION = 5.0;
				TARGETED_DEVICE_FAMILY = "1,2";
			};
			name = Debug;
		};
		831A38372F031690006D7ED2 /* Release */ = {
			isa = XCBuildConfiguration;
			buildSettings = {
				ASSETCATALOG_COMPILER_APPICON_NAME = AppIcon;
				ASSETCATALOG_COMPILER_GLOBAL_ACCENT_COLOR_NAME = AccentColor;
				CODE_SIGN_ENTITLEMENTS = Smolcam/Smolcam.entitlements;
				CODE_SIGN_STYLE = Automatic;
				CURRENT_PROJECT_VERSION = 1;
				DEVELOPMENT_TEAM = 3XH8DM68EA;
				ENABLE_PREVIEWS = YES;
				GENERATE_INFOPLIST_FILE = YES;
				INFOPLIST_FILE = Smolcam/Info.plist;
				INFOPLIST_KEY_NSCameraUsageDescription = "Smolcam needs camera access to take photos.";
				INFOPLIST_KEY_NSPhotoLibraryAddUsageDescription = "Smolcam needs photo library access to save photos.";
				INFOPLIST_KEY_UIApplicationSceneManifest_Generation = YES;
				INFOPLIST_KEY_UIApplicationSupportsIndirectInputEvents = YES;
				INFOPLIST_KEY_UIStatusBarHidden = YES;
				INFOPLIST_KEY_UISupportedInterfaceOrientations = UIInterfaceOrientationPortrait;
				INFOPLIST_KEY_UISupportedInterfaceOrientations_iPad = "UIInterfaceOrientationLandscapeLeft UIInterfaceOrientationLandscapeRight UIInterfaceOrientationPortrait UIInterfaceOrientationPortraitUpsideDown";
				LD_RUNPATH_SEARCH_PATHS = (
					"$(inherited)",
					"@executable_path/Frameworks",
				);
				MARKETING_VERSION = 1.0;
				PRODUCT_BUNDLE_IDENTIFIER = com.jasper.Smolcam;
				PRODUCT_NAME = "$(TARGET_NAME)";
				STRING_CATALOG_GENERATE_SYMBOLS = YES;
				SWIFT_APPROACHABLE_CONCURRENCY = YES;
				SWIFT_DEFAULT_ACTOR_ISOLATION = MainActor;
				SWIFT_EMIT_LOC_STRINGS = YES;
				SWIFT_UPCOMING_FEATURE_MEMBER_IMPORT_VISIBILITY = YES;
				SWIFT_VERSION = 5.0;
				TARGETED_DEVICE_FAMILY = "1,2";
			};
			name = Release;
		};
		831A38382F031690006D7ED2 /* Debug */ = {
			isa = XCBuildConfiguration;
			buildSettings = {
				ALWAYS_SEARCH_USER_PATHS = NO;
				ASSETCATALOG_COMPILER_GENERATE_SWIFT_ASSET_SYMBOL_EXTENSIONS = YES;
				CLANG_ANALYZER_NONNULL = YES;
				CLANG_ANALYZER_NUMBER_OBJECT_CONVERSION = YES_AGGRESSIVE;
				CLANG_CXX_LANGUAGE_STANDARD = "gnu++20";
				CLANG_ENABLE_MODULES = YES;
				CLANG_ENABLE_OBJC_ARC = YES;
				CLANG_ENABLE_OBJC_WEAK = YES;
				CLANG_WARN_BLOCK_CAPTURE_AUTORELEASING = YES;
				CLANG_WARN_BOOL_CONVERSION = YES;
				CLANG_WARN_COMMA = YES;
				CLANG_WARN_CONSTANT_CONVERSION = YES;
				CLANG_WARN_DEPRECATED_OBJC_IMPLEMENTATIONS = YES;
				CLANG_WARN_DIRECT_OBJC_ISA_USAGE = YES_ERROR;
				CLANG_WARN_DOCUMENTATION_COMMENTS = YES;
				CLANG_WARN_EMPTY_BODY = YES;
				CLANG_WARN_ENUM_CONVERSION = YES;
				CLANG_WARN_INFINITE_RECURSION = YES;
				CLANG_WARN_INT_CONVERSION = YES;
				CLANG_WARN_NON_LITERAL_NULL_CONVERSION = YES;
				CLANG_WARN_OBJC_IMPLICIT_RETAIN_SELF = YES;
				CLANG_WARN_OBJC_LITERAL_CONVERSION = YES;
				CLANG_WARN_OBJC_ROOT_CLASS = YES_ERROR;
				CLANG_WARN_QUOTED_INCLUDE_IN_FRAMEWORK_HEADER = YES;
				CLANG_WARN_RANGE_LOOP_ANALYSIS = YES;
				CLANG_WARN_STRICT_PROTOTYPES = YES;
				CLANG_WARN_SUSPICIOUS_MOVE = YES;
				CLANG_WARN_UNGUARDED_AVAILABILITY = YES_AGGRESSIVE;
				CLANG_WARN_UNREACHABLE_CODE = YES;
				CLANG_WARN__DUPLICATE_METHOD_MATCH = YES;
				COPY_PHASE_STRIP = NO;
				DEBUG_INFORMATION_FORMAT = dwarf;
				DEVELOPMENT_TEAM = 3XH8DM68EA;
				ENABLE_STRICT_OBJC_MSGSEND = YES;
				ENABLE_TESTABILITY = YES;
				ENABLE_USER_SCRIPT_SANDBOXING = YES;
				GCC_C_LANGUAGE_STANDARD = gnu17;
				GCC_DYNAMIC_NO_PIC = NO;
				GCC_NO_COMMON_BLOCKS = YES;
				GCC_OPTIMIZATION_LEVEL = 0;
				GCC_PREPROCESSOR_DEFINITIONS = (
					"DEBUG=1",
					"$(inherited)",
				);
				GCC_WARN_64_TO_32_BIT_CONVERSION = YES;
				GCC_WARN_ABOUT_RETURN_TYPE = YES_ERROR;
				GCC_WARN_UNDECLARED_SELECTOR = YES;
				GCC_WARN_UNINITIALIZED_AUTOS = YES_AGGRESSIVE;
				GCC_WARN_UNUSED_FUNCTION = YES;
				GCC_WARN_UNUSED_VARIABLE = YES;
				IPHONEOS_DEPLOYMENT_TARGET = 26.2;
				LOCALIZATION_PREFERS_STRING_CATALOGS = YES;
				MTL_ENABLE_DEBUG_INFO = INCLUDE_SOURCE;
				MTL_FAST_MATH = YES;
				ONLY_ACTIVE_ARCH = YES;
				SDKROOT = iphoneos;
				SWIFT_ACTIVE_COMPILATION_CONDITIONS = "DEBUG $(inherited)";
				SWIFT_OPTIMIZATION_LEVEL = "-Onone";
			};
			name = Debug;
		};
		831A38392F031690006D7ED2 /* Release */ = {
			isa = XCBuildConfiguration;
			buildSettings = {
				ALWAYS_SEARCH_USER_PATHS = NO;
				ASSETCATALOG_COMPILER_GENERATE_SWIFT_ASSET_SYMBOL_EXTENSIONS = YES;
				CLANG_ANALYZER_NONNULL = YES;
				CLANG_ANALYZER_NUMBER_OBJECT_CONVERSION = YES_AGGRESSIVE;
				CLANG_CXX_LANGUAGE_STANDARD = "gnu++20";
				CLANG_ENABLE_MODULES = YES;
				CLANG_ENABLE_OBJC_ARC = YES;
				CLANG_ENABLE_OBJC_WEAK = YES;
				CLANG_WARN_BLOCK_CAPTURE_AUTORELEASING = YES;
				CLANG_WARN_BOOL_CONVERSION = YES;
				CLANG_WARN_COMMA = YES;
				CLANG_WARN_CONSTANT_CONVERSION = YES;
				CLANG_WARN_DEPRECATED_OBJC_IMPLEMENTATIONS = YES;
				CLANG_WARN_DIRECT_OBJC_ISA_USAGE = YES_ERROR;
				CLANG_WARN_DOCUMENTATION_COMMENTS = YES;
				CLANG_WARN_EMPTY_BODY = YES;
				CLANG_WARN_ENUM_CONVERSION = YES;
				CLANG_WARN_INFINITE_RECURSION = YES;
				CLANG_WARN_INT_CONVERSION = YES;
				CLANG_WARN_NON_LITERAL_NULL_CONVERSION = YES;
				CLANG_WARN_OBJC_IMPLICIT_RETAIN_SELF = YES;
				CLANG_WARN_OBJC_LITERAL_CONVERSION = YES;
				CLANG_WARN_OBJC_ROOT_CLASS = YES_ERROR;
				CLANG_WARN_QUOTED_INCLUDE_IN_FRAMEWORK_HEADER = YES;
				CLANG_WARN_RANGE_LOOP_ANALYSIS = YES;
				CLANG_WARN_STRICT_PROTOTYPES = YES;
				CLANG_WARN_SUSPICIOUS_MOVE = YES;
				CLANG_WARN_UNGUARDED_AVAILABILITY = YES_AGGRESSIVE;
				CLANG_WARN_UNREACHABLE_CODE = YES;
				CLANG_WARN__DUPLICATE_METHOD_MATCH = YES;
				COPY_PHASE_STRIP = NO;
				DEBUG_INFORMATION_FORMAT = "dwarf-with-dsym";
				DEVELOPMENT_TEAM = 3XH8DM68EA;
				ENABLE_NS_ASSERTIONS = NO;
				ENABLE_STRICT_OBJC_MSGSEND = YES;
				ENABLE_USER_SCRIPT_SANDBOXING = YES;
				GCC_C_LANGUAGE_STANDARD = gnu17;
				GCC_NO_COMMON_BLOCKS = YES;
				GCC_WARN_64_TO_32_BIT_CONVERSION = YES;
				GCC_WARN_ABOUT_RETURN_TYPE = YES_ERROR;
				GCC_WARN_UNDECLARED_SELECTOR = YES;
				GCC_WARN_UNINITIALIZED_AUTOS = YES_AGGRESSIVE;
				GCC_WARN_UNUSED_FUNCTION = YES;
				GCC_WARN_UNUSED_VARIABLE = YES;
				IPHONEOS_DEPLOYMENT_TARGET = 26.2;
				LOCALIZATION_PREFERS_STRING_CATALOGS = YES;
				MTL_ENABLE_DEBUG_INFO = NO;
				MTL_FAST_MATH = YES;
				SDKROOT = iphoneos;
				SWIFT_COMPILATION_MODE = wholemodule;
				VALIDATE_PRODUCT = YES;
			};
			name = Release;
		};
		831A383B2F031690006D7ED2 /* Debug */ = {
			isa = XCBuildConfiguration;
			buildSettings = {
				BUNDLE_LOADER = "$(TEST_HOST)";
				CODE_SIGN_STYLE = Automatic;
				CURRENT_PROJECT_VERSION = 1;
				DEVELOPMENT_TEAM = 3XH8DM68EA;
				GENERATE_INFOPLIST_FILE = YES;
				IPHONEOS_DEPLOYMENT_TARGET = 26.2;
				MARKETING_VERSION = 1.0;
				PRODUCT_BUNDLE_IDENTIFIER = com.jasper.SmolcamTests;
				PRODUCT_NAME = "$(TARGET_NAME)";
				STRING_CATALOG_GENERATE_SYMBOLS = NO;
				SWIFT_APPROACHABLE_CONCURRENCY = YES;
				SWIFT_EMIT_LOC_STRINGS = NO;
				SWIFT_UPCOMING_FEATURE_MEMBER_IMPORT_VISIBILITY = YES;
				SWIFT_VERSION = 5.0;
				TARGETED_DEVICE_FAMILY = "1,2";
				TEST_HOST = "$(BUILT_PRODUCTS_DIR)/Smolcam.app/$(BUNDLE_EXECUTABLE_FOLDER_PATH)/Smolcam";
			};
			name = Debug;
		};
		831A383C2F031690006D7ED2 /* Release */ = {
			isa = XCBuildConfiguration;
			buildSettings = {
				BUNDLE_LOADER = "$(TEST_HOST)";
				CODE_SIGN_STYLE = Automatic;
				CURRENT_PROJECT_VERSION = 1;
				DEVELOPMENT_TEAM = 3XH8DM68EA;
				GENERATE_INFOPLIST_FILE = YES;
				IPHONEOS_DEPLOYMENT_TARGET = 26.2;
				MARKETING_VERSION = 1.0;
				PRODUCT_BUNDLE_IDENTIFIER = com.jasper.SmolcamTests;
				PRODUCT_NAME = "$(TARGET_NAME)";
				STRING_CATALOG_GENERATE_SYMBOLS = NO;
				SWIFT_APPROACHABLE_CONCURRENCY = YES;
				SWIFT_EMIT_LOC_STRINGS = NO;
				SWIFT_UPCOMING_FEATURE_MEMBER_IMPORT_VISIBILITY = YES;
				SWIFT_VERSION = 5.0;
				TARGETED_DEVICE_FAMILY = "1,2";
				TEST_HOST = "$(BUILT_PRODUCTS_DIR)/Smolcam.app/$(BUNDLE_EXECUTABLE_FOLDER_PATH)/Smolcam";
			};
			name = Release;
		};
		831A383E2F031690006D7ED2 /* Debug */ = {
			isa = XCBuildConfiguration;
			buildSettings = {
				CODE_SIGN_STYLE = Automatic;
				CURRENT_PROJECT_VERSION = 1;
				DEVELOPMENT_TEAM = 3XH8DM68EA;
				GENERATE_INFOPLIST_FILE = YES;
				MARKETING_VERSION = 1.0;
				PRODUCT_BUNDLE_IDENTIFIER = com.jasper.SmolcamUITests;
				PRODUCT_NAME = "$(TARGET_NAME)";
				STRING_CATALOG_GENERATE_SYMBOLS = NO;
				SWIFT_APPROACHABLE_CONCURRENCY = YES;
				SWIFT_EMIT_LOC_STRINGS = NO;
				SWIFT_UPCOMING_FEATURE_MEMBER_IMPORT_VISIBILITY = YES;
				SWIFT_VERSION = 5.0;
				TARGETED_DEVICE_FAMILY = "1,2";
				TEST_TARGET_NAME = Smolcam;
			};
			name = Debug;
		};
		831A383F2F031690006D7ED2 /* Release */ = {
			isa = XCBuildConfiguration;
			buildSettings = {
				CODE_SIGN_STYLE = Automatic;
				CURRENT_PROJECT_VERSION = 1;
				DEVELOPMENT_TEAM = 3XH8DM68EA;
				GENERATE_INFOPLIST_FILE = YES;
				MARKETING_VERSION = 1.0;
				PRODUCT_BUNDLE_IDENTIFIER = com.jasper.SmolcamUITests;
				PRODUCT_NAME = "$(TARGET_NAME)";
				STRING_CATALOG_GENERATE_SYMBOLS = NO;
				SWIFT_APPROACHABLE_CONCURRENCY = YES;
				SWIFT_EMIT_LOC_STRINGS = NO;
				SWIFT_UPCOMING_FEATURE_MEMBER_IMPORT_VISIBILITY = YES;
				SWIFT_VERSION = 5.0;
				TARGETED_DEVICE_FAMILY = "1,2";
				TEST_TARGET_NAME = Smolcam;
			};
			name = Release;
		};
		837A0AE92F0C4CD300E6393C /* Debug */ = {
			isa = XCBuildConfiguration;
			buildSettings = {
				ASSETCATALOG_COMPILER_GLOBAL_ACCENT_COLOR_NAME = AccentColor;
				ASSETCATALOG_COMPILER_WIDGET_BACKGROUND_COLOR_NAME = WidgetBackground;
				CODE_SIGN_STYLE = Automatic;
				CURRENT_PROJECT_VERSION = 1;
				DEVELOPMENT_TEAM = 3XH8DM68EA;
				GENERATE_INFOPLIST_FILE = YES;
				INFOPLIST_FILE = SmolcamWidget/Info.plist;
				INFOPLIST_KEY_CFBundleDisplayName = SmolcamWidget;
				INFOPLIST_KEY_NSHumanReadableCopyright = "";
				LD_RUNPATH_SEARCH_PATHS = (
					"$(inherited)",
					"@executable_path/Frameworks",
					"@executable_path/../../Frameworks",
				);
				MARKETING_VERSION = 1.0;
				PRODUCT_BUNDLE_IDENTIFIER = com.jasper.Smolcam.SmolcamWidget;
				PRODUCT_NAME = "$(TARGET_NAME)";
				SKIP_INSTALL = YES;
				STRING_CATALOG_GENERATE_SYMBOLS = YES;
				SWIFT_APPROACHABLE_CONCURRENCY = YES;
				SWIFT_EMIT_LOC_STRINGS = YES;
				SWIFT_UPCOMING_FEATURE_MEMBER_IMPORT_VISIBILITY = YES;
				SWIFT_VERSION = 5.0;
				TARGETED_DEVICE_FAMILY = "1,2";
			};
			name = Debug;
		};
		837A0AEA2F0C4CD300E6393C /* Release */ = {
			isa = XCBuildConfiguration;
			buildSettings = {
				ASSETCATALOG_COMPILER_GLOBAL_ACCENT_COLOR_NAME = AccentColor;
				ASSETCATALOG_COMPILER_WIDGET_BACKGROUND_COLOR_NAME = WidgetBackground;
				CODE_SIGN_STYLE = Automatic;
				CURRENT_PROJECT_VERSION = 1;
				DEVELOPMENT_TEAM = 3XH8DM68EA;
				GENERATE_INFOPLIST_FILE = YES;
				INFOPLIST_FILE = SmolcamWidget/Info.plist;
				INFOPLIST_KEY_CFBundleDisplayName = SmolcamWidget;
				INFOPLIST_KEY_NSHumanReadableCopyright = "";
				LD_RUNPATH_SEARCH_PATHS = (
					"$(inherited)",
					"@executable_path/Frameworks",
					"@executable_path/../../Frameworks",
				);
				MARKETING_VERSION = 1.0;
				PRODUCT_BUNDLE_IDENTIFIER = com.jasper.Smolcam.SmolcamWidget;
				PRODUCT_NAME = "$(TARGET_NAME)";
				SKIP_INSTALL = YES;
				STRING_CATALOG_GENERATE_SYMBOLS = YES;
				SWIFT_APPROACHABLE_CONCURRENCY = YES;
				SWIFT_EMIT_LOC_STRINGS = YES;
				SWIFT_UPCOMING_FEATURE_MEMBER_IMPORT_VISIBILITY = YES;
				SWIFT_VERSION = 5.0;
				TARGETED_DEVICE_FAMILY = "1,2";
			};
			name = Release;
		};
/* End XCBuildConfiguration section */

/* Begin XCConfigurationList section */
		831A380C2F03168E006D7ED2 /* Build configuration list for PBXProject "Smolcam" */ = {
			isa = XCConfigurationList;
			buildConfigurations = (
				831A38382F031690006D7ED2 /* Debug */,
				831A38392F031690006D7ED2 /* Release */,
			);
			defaultConfigurationIsVisible = 0;
			defaultConfigurationName = Release;
		};
		831A38352F031690006D7ED2 /* Build configuration list for PBXNativeTarget "Smolcam" */ = {
			isa = XCConfigurationList;
			buildConfigurations = (
				831A38362F031690006D7ED2 /* Debug */,
				831A38372F031690006D7ED2 /* Release */,
			);
			defaultConfigurationIsVisible = 0;
			defaultConfigurationName = Release;
		};
		831A383A2F031690006D7ED2 /* Build configuration list for PBXNativeTarget "SmolcamTests" */ = {
			isa = XCConfigurationList;
			buildConfigurations = (
				831A383B2F031690006D7ED2 /* Debug */,
				831A383C2F031690006D7ED2 /* Release */,
			);
			defaultConfigurationIsVisible = 0;
			defaultConfigurationName = Release;
		};
		831A383D2F031690006D7ED2 /* Build configuration list for PBXNativeTarget "SmolcamUITests" */ = {
			isa = XCConfigurationList;
			buildConfigurations = (
				831A383E2F031690006D7ED2 /* Debug */,
				831A383F2F031690006D7ED2 /* Release */,
			);
			defaultConfigurationIsVisible = 0;
			defaultConfigurationName = Release;
		};
		837A0AEB2F0C4CD300E6393C /* Build configuration list for PBXNativeTarget "SmolcamWidgetExtension" */ = {
			isa = XCConfigurationList;
			buildConfigurations = (
				837A0AE92F0C4CD300E6393C /* Debug */,
				837A0AEA2F0C4CD300E6393C /* Release */,
			);
			defaultConfigurationIsVisible = 0;
			defaultConfigurationName = Release;
		};
/* End XCConfigurationList section */
	};
	rootObject = 831A38092F03168E006D7ED2 /* Project object */;
}
